
Microsoft Visual Studio Solution File, Format Version 12.00
# Visual Studio Version 16
VisualStudioVersion = 16.0.31424.327
MinimumVisualStudioVersion = 10.0.40219.1
Project("{FAE04EC0-301F-11D3-BF4B-00C04F79EFBC}") = "CsharpGitEg", "CsharpGitEg\CsharpGitEg.csproj", "{87803B3A-586E-48FD-9F75-33BA2E49BCFA}"
EndProject
Global
	GlobalSection(SolutionConfigurationPlatforms) = preSolution
		Debug|Any CPU = Debug|Any CPU
		Release|Any CPU = Release|Any CPU
	EndGlobalSection
	GlobalSection(ProjectConfigurationPlatforms) = postSolution
		{87803B3A-586E-48FD-9F75-33BA2E49BCFA}.Debug|Any CPU.ActiveCfg = Debug|Any CPU
		{87803B3A-586E-48FD-9F75-33BA2E49BCFA}.Debug|Any CPU.Build.0 = Debug|Any CPU
		{87803B3A-586E-48FD-9F75-33BA2E49BCFA}.Release|Any CPU.ActiveCfg = Release|Any CPU
		{87803B3A-586E-48FD-9F75-33BA2E49BCFA}.Release|Any CPU.Build.0 = Release|Any CPU
	EndGlobalSection
	GlobalSection(SolutionProperties) = preSolution
		HideSolutionNode = FALSE
	EndGlobalSection
	GlobalSection(ExtensibilityGlobals) = postSolution
		SolutionGuid = {BC42D334-5785-4CED-AB23-84B1865519EE}
	EndGlobalSection
EndGlobal
